
Microsoft Visual Studio Solution File, Format Version 12.00
# Visual Studio Version 17
VisualStudioVersion = 17.9.34607.119
MinimumVisualStudioVersion = 10.0.40219.1
Project("{FAE04EC0-301F-11D3-BF4B-00C04F79EFBC}") = "auth", "auth\auth.csproj", "{5379E58C-AB4B-4EE6-9E27-B20C316F27D4}"
EndProject
Global
	GlobalSection(SolutionConfigurationPlatforms) = preSolution
		Debug|Any CPU = Debug|Any CPU
		Release|Any CPU = Release|Any CPU
	EndGlobalSection
	GlobalSection(ProjectConfigurationPlatforms) = postSolution
		{5379E58C-AB4B-4EE6-9E27-B20C316F27D4}.Debug|Any CPU.ActiveCfg = Debug|Any CPU
		{5379E58C-AB4B-4EE6-9E27-B20C316F27D4}.Debug|Any CPU.Build.0 = Debug|Any CPU
		{5379E58C-AB4B-4EE6-9E27-B20C316F27D4}.Release|Any CPU.ActiveCfg = Release|Any CPU
		{5379E58C-AB4B-4EE6-9E27-B20C316F27D4}.Release|Any CPU.Build.0 = Release|Any CPU
	EndGlobalSection
	GlobalSection(SolutionProperties) = preSolution
		HideSolutionNode = FALSE
	EndGlobalSection
	GlobalSection(ExtensibilityGlobals) = postSolution
		SolutionGuid = {CA40F9CE-ABB7-4FE9-A388-ED2268F8968E}
	EndGlobalSection
EndGlobal
